// !$*UTF8*$!
{
	archiveVersion = 1;
	classes = {
	};
	objectVersion = 56;
	objects = {

/* Begin PBXBuildFile section */
		4FF3A8902CB02F3D00975C97 /* GroceryAppApp.swift in Sources */ = {isa = PBXBuildFile; fileRef = 4FF3A88F2CB02F3D00975C97 /* GroceryAppApp.swift */; };
		4FF3A8922CB02F3D00975C97 /* ContentView.swift in Sources */ = {isa = PBXBuildFile; fileRef = 4FF3A8912CB02F3D00975C97 /* ContentView.swift */; };
		4FF3A8942CB02F3F00975C97 /* Assets.xcassets in Resources */ = {isa = PBXBuildFile; fileRef = 4FF3A8932CB02F3F00975C97 /* Assets.xcassets */; };
		4FF3A8972CB02F3F00975C97 /* Preview Assets.xcassets in Resources */ = {isa = PBXBuildFile; fileRef = 4FF3A8962CB02F3F00975C97 /* Preview Assets.xcassets */; };
		4FF3A8A12CB02F3F00975C97 /* GroceryAppTests.swift in Sources */ = {isa = PBXBuildFile; fileRef = 4FF3A8A02CB02F3F00975C97 /* GroceryAppTests.swift */; };
		4FF3A8AB2CB02F3F00975C97 /* GroceryAppUITests.swift in Sources */ = {isa = PBXBuildFile; fileRef = 4FF3A8AA2CB02F3F00975C97 /* GroceryAppUITests.swift */; };
		4FF3A8AD2CB02F3F00975C97 /* GroceryAppUITestsLaunchTests.swift in Sources */ = {isa = PBXBuildFile; fileRef = 4FF3A8AC2CB02F3F00975C97 /* GroceryAppUITestsLaunchTests.swift */; };
		4FF3A8BA2CB0358600975C97 /* Shop.swift in Sources */ = {isa = PBXBuildFile; fileRef = 4FF3A8B92CB0358500975C97 /* Shop.swift */; };
		4FF3A8BC2CB12F1A00975C97 /* ShopItem.swift in Sources */ = {isa = PBXBuildFile; fileRef = 4FF3A8BB2CB12F1A00975C97 /* ShopItem.swift */; };
		4FF3A8BE2CB13BF200975C97 /* Data.swift in Sources */ = {isa = PBXBuildFile; fileRef = 4FF3A8BD2CB13BF200975C97 /* Data.swift */; };
		4FF3A8C02CB160E100975C97 /* Cart.swift in Sources */ = {isa = PBXBuildFile; fileRef = 4FF3A8BF2CB160E100975C97 /* Cart.swift */; };
/* End PBXBuildFile section */

/* Begin PBXContainerItemProxy section */
		4FF3A89D2CB02F3F00975C97 /* PBXContainerItemProxy */ = {
			isa = PBXContainerItemProxy;
			containerPortal = 4FF3A8842CB02F3C00975C97 /* Project object */;
			proxyType = 1;
			remoteGlobalIDString = 4FF3A88B2CB02F3C00975C97;
			remoteInfo = GroceryApp;
		};
		4FF3A8A72CB02F3F00975C97 /* PBXContainerItemProxy */ = {
			isa = PBXContainerItemProxy;
			containerPortal = 4FF3A8842CB02F3C00975C97 /* Project object */;
			proxyType = 1;
			remoteGlobalIDString = 4FF3A88B2CB02F3C00975C97;
			remoteInfo = GroceryApp;
		};
/* End PBXContainerItemProxy section */

/* Begin PBXFileReference section */
		4FF3A88C2CB02F3C00975C97 /* GroceryApp.app */ = {isa = PBXFileReference; explicitFileType = wrapper.application; includeInIndex = 0; path = GroceryApp.app; sourceTree = BUILT_PRODUCTS_DIR; };
		4FF3A88F2CB02F3D00975C97 /* GroceryAppApp.swift */ = {isa = PBXFileReference; lastKnownFileType = sourcecode.swift; path = GroceryAppApp.swift; sourceTree = "<group>"; };
		4FF3A8912CB02F3D00975C97 /* ContentView.swift */ = {isa = PBXFileReference; lastKnownFileType = sourcecode.swift; path = ContentView.swift; sourceTree = "<group>"; };
		4FF3A8932CB02F3F00975C97 /* Assets.xcassets */ = {isa = PBXFileReference; lastKnownFileType = folder.assetcatalog; path = Assets.xcassets; sourceTree = "<group>"; };
		4FF3A8962CB02F3F00975C97 /* Preview Assets.xcassets */ = {isa = PBXFileReference; lastKnownFileType = folder.assetcatalog; path = "Preview Assets.xcassets"; sourceTree = "<group>"; };
		4FF3A89C2CB02F3F00975C97 /* GroceryAppTests.xctest */ = {isa = PBXFileReference; explicitFileType = wrapper.cfbundle; includeInIndex = 0; path = GroceryAppTests.xctest; sourceTree = BUILT_PRODUCTS_DIR; };
		4FF3A8A02CB02F3F00975C97 /* GroceryAppTests.swift */ = {isa = PBXFileReference; lastKnownFileType = sourcecode.swift; path = GroceryAppTests.swift; sourceTree = "<group>"; };
		4FF3A8A62CB02F3F00975C97 /* GroceryAppUITests.xctest */ = {isa = PBXFileReference; explicitFileType = wrapper.cfbundle; includeInIndex = 0; path = GroceryAppUITests.xctest; sourceTree = BUILT_PRODUCTS_DIR; };
		4FF3A8AA2CB02F3F00975C97 /* GroceryAppUITests.swift */ = {isa = PBXFileReference; lastKnownFileType = sourcecode.swift; path = GroceryAppUITests.swift; sourceTree = "<group>"; };
		4FF3A8AC2CB02F3F00975C97 /* GroceryAppUITestsLaunchTests.swift */ = {isa = PBXFileReference; lastKnownFileType = sourcecode.swift; path = GroceryAppUITestsLaunchTests.swift; sourceTree = "<group>"; };
		4FF3A8B92CB0358500975C97 /* Shop.swift */ = {isa = PBXFileReference; lastKnownFileType = sourcecode.swift; path = Shop.swift; sourceTree = "<group>"; };
		4FF3A8BB2CB12F1A00975C97 /* ShopItem.swift */ = {isa = PBXFileReference; lastKnownFileType = sourcecode.swift; path = ShopItem.swift; sourceTree = "<group>"; };
		4FF3A8BD2CB13BF200975C97 /* Data.swift */ = {isa = PBXFileReference; lastKnownFileType = sourcecode.swift; path = Data.swift; sourceTree = "<group>"; };
		4FF3A8BF2CB160E100975C97 /* Cart.swift */ = {isa = PBXFileReference; lastKnownFileType = sourcecode.swift; path = Cart.swift; sourceTree = "<group>"; };
/* End PBXFileReference section */

/* Begin PBXFrameworksBuildPhase section */
		4FF3A8892CB02F3C00975C97 /* Frameworks */ = {
			isa = PBXFrameworksBuildPhase;
			buildActionMask = 2147483647;
			files = (
			);
			runOnlyForDeploymentPostprocessing = 0;
		};
		4FF3A8992CB02F3F00975C97 /* Frameworks */ = {
			isa = PBXFrameworksBuildPhase;
			buildActionMask = 2147483647;
			files = (
			);
			runOnlyForDeploymentPostprocessing = 0;
		};
		4FF3A8A32CB02F3F00975C97 /* Frameworks */ = {
			isa = PBXFrameworksBuildPhase;
			buildActionMask = 2147483647;
			files = (
			);
			runOnlyForDeploymentPostprocessing = 0;
		};
/* End PBXFrameworksBuildPhase section */

/* Begin PBXGroup section */
		4FF3A8832CB02F3C00975C97 = {
			isa = PBXGroup;
			children = (
				4FF3A88E2CB02F3C00975C97 /* GroceryApp */,
				4FF3A89F2CB02F3F00975C97 /* GroceryAppTests */,
				4FF3A8A92CB02F3F00975C97 /* GroceryAppUITests */,
				4FF3A88D2CB02F3C00975C97 /* Products */,
			);
			sourceTree = "<group>";
		};
		4FF3A88D2CB02F3C00975C97 /* Products */ = {
			isa = PBXGroup;
			children = (
				4FF3A88C2CB02F3C00975C97 /* GroceryApp.app */,
				4FF3A89C2CB02F3F00975C97 /* GroceryAppTests.xctest */,
				4FF3A8A62CB02F3F00975C97 /* GroceryAppUITests.xctest */,
			);
			name = Products;
			sourceTree = "<group>";
		};
		4FF3A88E2CB02F3C00975C97 /* GroceryApp */ = {
			isa = PBXGroup;
			children = (
				4FF3A88F2CB02F3D00975C97 /* GroceryAppApp.swift */,
				4FF3A8912CB02F3D00975C97 /* ContentView.swift */,
				4FF3A8BB2CB12F1A00975C97 /* ShopItem.swift */,
				4FF3A8B92CB0358500975C97 /* Shop.swift */,
				4FF3A8BF2CB160E100975C97 /* Cart.swift */,
				4FF3A8BD2CB13BF200975C97 /* Data.swift */,
				4FF3A8932CB02F3F00975C97 /* Assets.xcassets */,
				4FF3A8952CB02F3F00975C97 /* Preview Content */,
			);
			path = GroceryApp;
			sourceTree = "<group>";
		};
		4FF3A8952CB02F3F00975C97 /* Preview Content */ = {
			isa = PBXGroup;
			children = (
				4FF3A8962CB02F3F00975C97 /* Preview Assets.xcassets */,
			);
			path = "Preview Content";
			sourceTree = "<group>";
		};
		4FF3A89F2CB02F3F00975C97 /* GroceryAppTests */ = {
			isa = PBXGroup;
			children = (
				4FF3A8A02CB02F3F00975C97 /* GroceryAppTests.swift */,
			);
			path = GroceryAppTests;
			sourceTree = "<group>";
		};
		4FF3A8A92CB02F3F00975C97 /* GroceryAppUITests */ = {
			isa = PBXGroup;
			children = (
				4FF3A8AA2CB02F3F00975C97 /* GroceryAppUITests.swift */,
				4FF3A8AC2CB02F3F00975C97 /* GroceryAppUITestsLaunchTests.swift */,
			);
			path = GroceryAppUITests;
			sourceTree = "<group>";
		};
/* End PBXGroup section */

/* Begin PBXNativeTarget section */
		4FF3A88B2CB02F3C00975C97 /* GroceryApp */ = {
			isa = PBXNativeTarget;
			buildConfigurationList = 4FF3A8B02CB02F3F00975C97 /* Build configuration list for PBXNativeTarget "GroceryApp" */;
			buildPhases = (
				4FF3A8882CB02F3C00975C97 /* Sources */,
				4FF3A8892CB02F3C00975C97 /* Frameworks */,
				4FF3A88A2CB02F3C00975C97 /* Resources */,
			);
			buildRules = (
			);
			dependencies = (
			);
			name = GroceryApp;
			productName = GroceryApp;
			productReference = 4FF3A88C2CB02F3C00975C97 /* GroceryApp.app */;
			productType = "com.apple.product-type.application";
		};
		4FF3A89B2CB02F3F00975C97 /* GroceryAppTests */ = {
			isa = PBXNativeTarget;
			buildConfigurationList = 4FF3A8B32CB02F3F00975C97 /* Build configuration list for PBXNativeTarget "GroceryAppTests" */;
			buildPhases = (
				4FF3A8982CB02F3F00975C97 /* Sources */,
				4FF3A8992CB02F3F00975C97 /* Frameworks */,
				4FF3A89A2CB02F3F00975C97 /* Resources */,
			);
			buildRules = (
			);
			dependencies = (
				4FF3A89E2CB02F3F00975C97 /* PBXTargetDependency */,
			);
			name = GroceryAppTests;
			productName = GroceryAppTests;
			productReference = 4FF3A89C2CB02F3F00975C97 /* GroceryAppTests.xctest */;
			productType = "com.apple.product-type.bundle.unit-test";
		};
		4FF3A8A52CB02F3F00975C97 /* GroceryAppUITests */ = {
			isa = PBXNativeTarget;
			buildConfigurationList = 4FF3A8B62CB02F3F00975C97 /* Build configuration list for PBXNativeTarget "GroceryAppUITests" */;
			buildPhases = (
				4FF3A8A22CB02F3F00975C97 /* Sources */,
				4FF3A8A32CB02F3F00975C97 /* Frameworks */,
				4FF3A8A42CB02F3F00975C97 /* Resources */,
			);
			buildRules = (
			);
			dependencies = (
				4FF3A8A82CB02F3F00975C97 /* PBXTargetDependency */,
			);
			name = GroceryAppUITests;
			productName = GroceryAppUITests;
			productReference = 4FF3A8A62CB02F3F00975C97 /* GroceryAppUITests.xctest */;
			productType = "com.apple.product-type.bundle.ui-testing";
		};
/* End PBXNativeTarget section */

/* Begin PBXProject section */
		4FF3A8842CB02F3C00975C97 /* Project object */ = {
			isa = PBXProject;
			attributes = {
				BuildIndependentTargetsInParallel = 1;
				LastSwiftUpdateCheck = 1520;
				LastUpgradeCheck = 1520;
				TargetAttributes = {
					4FF3A88B2CB02F3C00975C97 = {
						CreatedOnToolsVersion = 15.2;
					};
					4FF3A89B2CB02F3F00975C97 = {
						CreatedOnToolsVersion = 15.2;
						TestTargetID = 4FF3A88B2CB02F3C00975C97;
					};
					4FF3A8A52CB02F3F00975C97 = {
						CreatedOnToolsVersion = 15.2;
						TestTargetID = 4FF3A88B2CB02F3C00975C97;
					};
				};
			};
			buildConfigurationList = 4FF3A8872CB02F3C00975C97 /* Build configuration list for PBXProject "GroceryApp" */;
			compatibilityVersion = "Xcode 14.0";
			developmentRegion = en;
			hasScannedForEncodings = 0;
			knownRegions = (
				en,
				Base,
			);
			mainGroup = 4FF3A8832CB02F3C00975C97;
			productRefGroup = 4FF3A88D2CB02F3C00975C97 /* Products */;
			projectDirPath = "";
			projectRoot = "";
			targets = (
				4FF3A88B2CB02F3C00975C97 /* GroceryApp */,
				4FF3A89B2CB02F3F00975C97 /* GroceryAppTests */,
				4FF3A8A52CB02F3F00975C97 /* GroceryAppUITests */,
			);
		};
/* End PBXProject section */

/* Begin PBXResourcesBuildPhase section */
		4FF3A88A2CB02F3C00975C97 /* Resources */ = {
			isa = PBXResourcesBuildPhase;
			buildActionMask = 2147483647;
			files = (
				4FF3A8972CB02F3F00975C97 /* Preview Assets.xcassets in Resources */,
				4FF3A8942CB02F3F00975C97 /* Assets.xcassets in Resources */,
			);
			runOnlyForDeploymentPostprocessing = 0;
		};
		4FF3A89A2CB02F3F00975C97 /* Resources */ = {
			isa = PBXResourcesBuildPhase;
			buildActionMask = 2147483647;
			files = (
			);
			runOnlyForDeploymentPostprocessing = 0;
		};
		4FF3A8A42CB02F3F00975C97 /* Resources */ = {
			isa = PBXResourcesBuildPhase;
			buildActionMask = 2147483647;
			files = (
			);
			runOnlyForDeploymentPostprocessing = 0;
		};
/* End PBXResourcesBuildPhase section */

/* Begin PBXSourcesBuildPhase section */
		4FF3A8882CB02F3C00975C97 /* Sources */ = {
			isa = PBXSourcesBuildPhase;
			buildActionMask = 2147483647;
			files = (
				4FF3A8BA2CB0358600975C97 /* Shop.swift in Sources */,
				4FF3A8C02CB160E100975C97 /* Cart.swift in Sources */,
				4FF3A8BE2CB13BF200975C97 /* Data.swift in Sources */,
				4FF3A8922CB02F3D00975C97 /* ContentView.swift in Sources */,
				4FF3A8BC2CB12F1A00975C97 /* ShopItem.swift in Sources */,
				4FF3A8902CB02F3D00975C97 /* GroceryAppApp.swift in Sources */,
			);
			runOnlyForDeploymentPostprocessing = 0;
		};
		4FF3A8982CB02F3F00975C97 /* Sources */ = {
			isa = PBXSourcesBuildPhase;
			buildActionMask = 2147483647;
			files = (
				4FF3A8A12CB02F3F00975C97 /* GroceryAppTests.swift in Sources */,
			);
			runOnlyForDeploymentPostprocessing = 0;
		};
		4FF3A8A22CB02F3F00975C97 /* Sources */ = {
			isa = PBXSourcesBuildPhase;
			buildActionMask = 2147483647;
			files = (
				4FF3A8AD2CB02F3F00975C97 /* GroceryAppUITestsLaunchTests.swift in Sources */,
				4FF3A8AB2CB02F3F00975C97 /* GroceryAppUITests.swift in Sources */,
			);
			runOnlyForDeploymentPostprocessing = 0;
		};
/* End PBXSourcesBuildPhase section */

/* Begin PBXTargetDependency section */
		4FF3A89E2CB02F3F00975C97 /* PBXTargetDependency */ = {
			isa = PBXTargetDependency;
			target = 4FF3A88B2CB02F3C00975C97 /* GroceryApp */;
			targetProxy = 4FF3A89D2CB02F3F00975C97 /* PBXContainerItemProxy */;
		};
		4FF3A8A82CB02F3F00975C97 /* PBXTargetDependency */ = {
			isa = PBXTargetDependency;
			target = 4FF3A88B2CB02F3C00975C97 /* GroceryApp */;
			targetProxy = 4FF3A8A72CB02F3F00975C97 /* PBXContainerItemProxy */;
		};
/* End PBXTargetDependency section */

/* Begin XCBuildConfiguration section */
		4FF3A8AE2CB02F3F00975C97 /* Debug */ = {
			isa = XCBuildConfiguration;
			buildSettings = {
				ALWAYS_SEARCH_USER_PATHS = NO;
				ASSETCATALOG_COMPILER_GENERATE_SWIFT_ASSET_SYMBOL_EXTENSIONS = YES;
				CLANG_ANALYZER_NONNULL = YES;
				CLANG_ANALYZER_NUMBER_OBJECT_CONVERSION = YES_AGGRESSIVE;
				CLANG_CXX_LANGUAGE_STANDARD = "gnu++20";
				CLANG_ENABLE_MODULES = YES;
				CLANG_ENABLE_OBJC_ARC = YES;
				CLANG_ENABLE_OBJC_WEAK = YES;
				CLANG_WARN_BLOCK_CAPTURE_AUTORELEASING = YES;
				CLANG_WARN_BOOL_CONVERSION = YES;
				CLANG_WARN_COMMA = YES;
				CLANG_WARN_CONSTANT_CONVERSION = YES;
				CLANG_WARN_DEPRECATED_OBJC_IMPLEMENTATIONS = YES;
				CLANG_WARN_DIRECT_OBJC_ISA_USAGE = YES_ERROR;
				CLANG_WARN_DOCUMENTATION_COMMENTS = YES;
				CLANG_WARN_EMPTY_BODY = YES;
				CLANG_WARN_ENUM_CONVERSION = YES;
				CLANG_WARN_INFINITE_RECURSION = YES;
				CLANG_WARN_INT_CONVERSION = YES;
				CLANG_WARN_NON_LITERAL_NULL_CONVERSION = YES;
				CLANG_WARN_OBJC_IMPLICIT_RETAIN_SELF = YES;
				CLANG_WARN_OBJC_LITERAL_CONVERSION = YES;
				CLANG_WARN_OBJC_ROOT_CLASS = YES_ERROR;
				CLANG_WARN_QUOTED_INCLUDE_IN_FRAMEWORK_HEADER = YES;
				CLANG_WARN_RANGE_LOOP_ANALYSIS = YES;
				CLANG_WARN_STRICT_PROTOTYPES = YES;
				CLANG_WARN_SUSPICIOUS_MOVE = YES;
				CLANG_WARN_UNGUARDED_AVAILABILITY = YES_AGGRESSIVE;
				CLANG_WARN_UNREACHABLE_CODE = YES;
				CLANG_WARN__DUPLICATE_METHOD_MATCH = YES;
				COPY_PHASE_STRIP = NO;
				DEBUG_INFORMATION_FORMAT = dwarf;
				ENABLE_STRICT_OBJC_MSGSEND = YES;
				ENABLE_TESTABILITY = YES;
				ENABLE_USER_SCRIPT_SANDBOXING = YES;
				GCC_C_LANGUAGE_STANDARD = gnu17;
				GCC_DYNAMIC_NO_PIC = NO;
				GCC_NO_COMMON_BLOCKS = YES;
				GCC_OPTIMIZATION_LEVEL = 0;
				GCC_PREPROCESSOR_DEFINITIONS = (
					"DEBUG=1",
					"$(inherited)",
				);
				GCC_WARN_64_TO_32_BIT_CONVERSION = YES;
				GCC_WARN_ABOUT_RETURN_TYPE = YES_ERROR;
				GCC_WARN_UNDECLARED_SELECTOR = YES;
				GCC_WARN_UNINITIALIZED_AUTOS = YES_AGGRESSIVE;
				GCC_WARN_UNUSED_FUNCTION = YES;
				GCC_WARN_UNUSED_VARIABLE = YES;
				IPHONEOS_DEPLOYMENT_TARGET = 17.2;
				LOCALIZATION_PREFERS_STRING_CATALOGS = YES;
				MTL_ENABLE_DEBUG_INFO = INCLUDE_SOURCE;
				MTL_FAST_MATH = YES;
				ONLY_ACTIVE_ARCH = YES;
				SDKROOT = iphoneos;
				SWIFT_ACTIVE_COMPILATION_CONDITIONS = "DEBUG $(inherited)";
				SWIFT_OPTIMIZATION_LEVEL = "-Onone";
			};
			name = Debug;
		};
		4FF3A8AF2CB02F3F00975C97 /* Release */ = {
			isa = XCBuildConfiguration;
			buildSettings = {
				ALWAYS_SEARCH_USER_PATHS = NO;
				ASSETCATALOG_COMPILER_GENERATE_SWIFT_ASSET_SYMBOL_EXTENSIONS = YES;
				CLANG_ANALYZER_NONNULL = YES;
				CLANG_ANALYZER_NUMBER_OBJECT_CONVERSION = YES_AGGRESSIVE;
				CLANG_CXX_LANGUAGE_STANDARD = "gnu++20";
				CLANG_ENABLE_MODULES = YES;
				CLANG_ENABLE_OBJC_ARC = YES;
				CLANG_ENABLE_OBJC_WEAK = YES;
				CLANG_WARN_BLOCK_CAPTURE_AUTORELEASING = YES;
				CLANG_WARN_BOOL_CONVERSION = YES;
				CLANG_WARN_COMMA = YES;
				CLANG_WARN_CONSTANT_CONVERSION = YES;
				CLANG_WARN_DEPRECATED_OBJC_IMPLEMENTATIONS = YES;
				CLANG_WARN_DIRECT_OBJC_ISA_USAGE = YES_ERROR;
				CLANG_WARN_DOCUMENTATION_COMMENTS = YES;
				CLANG_WARN_EMPTY_BODY = YES;
				CLANG_WARN_ENUM_CONVERSION = YES;
				CLANG_WARN_INFINITE_RECURSION = YES;
				CLANG_WARN_INT_CONVERSION = YES;
				CLANG_WARN_NON_LITERAL_NULL_CONVERSION = YES;
				CLANG_WARN_OBJC_IMPLICIT_RETAIN_SELF = YES;
				CLANG_WARN_OBJC_LITERAL_CONVERSION = YES;
				CLANG_WARN_OBJC_ROOT_CLASS = YES_ERROR;
				CLANG_WARN_QUOTED_INCLUDE_IN_FRAMEWORK_HEADER = YES;
				CLANG_WARN_RANGE_LOOP_ANALYSIS = YES;
				CLANG_WARN_STRICT_PROTOTYPES = YES;
				CLANG_WARN_SUSPICIOUS_MOVE = YES;
				CLANG_WARN_UNGUARDED_AVAILABILITY = YES_AGGRESSIVE;
				CLANG_WARN_UNREACHABLE_CODE = YES;
				CLANG_WARN__DUPLICATE_METHOD_MATCH = YES;
				COPY_PHASE_STRIP = NO;
				DEBUG_INFORMATION_FORMAT = "dwarf-with-dsym";
				ENABLE_NS_ASSERTIONS = NO;
				ENABLE_STRICT_OBJC_MSGSEND = YES;
				ENABLE_USER_SCRIPT_SANDBOXING = YES;
				GCC_C_LANGUAGE_STANDARD = gnu17;
				GCC_NO_COMMON_BLOCKS = YES;
				GCC_WARN_64_TO_32_BIT_CONVERSION = YES;
				GCC_WARN_ABOUT_RETURN_TYPE = YES_ERROR;
				GCC_WARN_UNDECLARED_SELECTOR = YES;
				GCC_WARN_UNINITIALIZED_AUTOS = YES_AGGRESSIVE;
				GCC_WARN_UNUSED_FUNCTION = YES;
				GCC_WARN_UNUSED_VARIABLE = YES;
				IPHONEOS_DEPLOYMENT_TARGET = 17.2;
				LOCALIZATION_PREFERS_STRING_CATALOGS = YES;
				MTL_ENABLE_DEBUG_INFO = NO;
				MTL_FAST_MATH = YES;
				SDKROOT = iphoneos;
				SWIFT_COMPILATION_MODE = wholemodule;
				VALIDATE_PRODUCT = YES;
			};
			name = Release;
		};
		4FF3A8B12CB02F3F00975C97 /* Debug */ = {
			isa = XCBuildConfiguration;
			buildSettings = {
				ASSETCATALOG_COMPILER_APPICON_NAME = AppIcon;
				ASSETCATALOG_COMPILER_GLOBAL_ACCENT_COLOR_NAME = AccentColor;
				CODE_SIGN_STYLE = Automatic;
				CURRENT_PROJECT_VERSION = 1;
				DEVELOPMENT_ASSET_PATHS = "\"GroceryApp/Preview Content\"";
				ENABLE_PREVIEWS = YES;
				GENERATE_INFOPLIST_FILE = YES;
				INFOPLIST_KEY_UIApplicationSceneManifest_Generation = YES;
				INFOPLIST_KEY_UIApplicationSupportsIndirectInputEvents = YES;
				INFOPLIST_KEY_UILaunchScreen_Generation = YES;
				INFOPLIST_KEY_UISupportedInterfaceOrientations_iPad = "UIInterfaceOrientationPortrait UIInterfaceOrientationPortraitUpsideDown UIInterfaceOrientationLandscapeLeft UIInterfaceOrientationLandscapeRight";
				INFOPLIST_KEY_UISupportedInterfaceOrientations_iPhone = "UIInterfaceOrientationPortrait UIInterfaceOrientationLandscapeLeft UIInterfaceOrientationLandscapeRight";
				LD_RUNPATH_SEARCH_PATHS = (
					"$(inherited)",
					"@executable_path/Frameworks",
				);
				MARKETING_VERSION = 1.0;
				PRODUCT_BUNDLE_IDENTIFIER = Khuzaim.GroceryApp;
				PRODUCT_NAME = "$(TARGET_NAME)";
				SWIFT_EMIT_LOC_STRINGS = YES;
				SWIFT_VERSION = 5.0;
				TARGETED_DEVICE_FAMILY = "1,2";
			};
			name = Debug;
		};
		4FF3A8B22CB02F3F00975C97 /* Release */ = {
			isa = XCBuildConfiguration;
			buildSettings = {
				ASSETCATALOG_COMPILER_APPICON_NAME = AppIcon;
				ASSETCATALOG_COMPILER_GLOBAL_ACCENT_COLOR_NAME = AccentColor;
				CODE_SIGN_STYLE = Automatic;
				CURRENT_PROJECT_VERSION = 1;
				DEVELOPMENT_ASSET_PATHS = "\"GroceryApp/Preview Content\"";
				ENABLE_PREVIEWS = YES;
				GENERATE_INFOPLIST_FILE = YES;
				INFOPLIST_KEY_UIApplicationSceneManifest_Generation = YES;
				INFOPLIST_KEY_UIApplicationSupportsIndirectInputEvents = YES;
				INFOPLIST_KEY_UILaunchScreen_Generation = YES;
				INFOPLIST_KEY_UISupportedInterfaceOrientations_iPad = "UIInterfaceOrientationPortrait UIInterfaceOrientationPortraitUpsideDown UIInterfaceOrientationLandscapeLeft UIInterfaceOrientationLandscapeRight";
				INFOPLIST_KEY_UISupportedInterfaceOrientations_iPhone = "UIInterfaceOrientationPortrait UIInterfaceOrientationLandscapeLeft UIInterfaceOrientationLandscapeRight";
				LD_RUNPATH_SEARCH_PATHS = (
					"$(inherited)",
					"@executable_path/Frameworks",
				);
				MARKETING_VERSION = 1.0;
				PRODUCT_BUNDLE_IDENTIFIER = Khuzaim.GroceryApp;
				PRODUCT_NAME = "$(TARGET_NAME)";
				SWIFT_EMIT_LOC_STRINGS = YES;
				SWIFT_VERSION = 5.0;
				TARGETED_DEVICE_FAMILY = "1,2";
			};
			name = Release;
		};
		4FF3A8B42CB02F3F00975C97 /* Debug */ = {
			isa = XCBuildConfiguration;
			buildSettings = {
				ALWAYS_EMBED_SWIFT_STANDARD_LIBRARIES = YES;
				BUNDLE_LOADER = "$(TEST_HOST)";
				CODE_SIGN_STYLE = Automatic;
				CURRENT_PROJECT_VERSION = 1;
				GENERATE_INFOPLIST_FILE = YES;
				IPHONEOS_DEPLOYMENT_TARGET = 17.2;
				MARKETING_VERSION = 1.0;
				PRODUCT_BUNDLE_IDENTIFIER = Khuzaim.GroceryAppTests;
				PRODUCT_NAME = "$(TARGET_NAME)";
				SWIFT_EMIT_LOC_STRINGS = NO;
				SWIFT_VERSION = 5.0;
				TARGETED_DEVICE_FAMILY = "1,2";
				TEST_HOST = "$(BUILT_PRODUCTS_DIR)/GroceryApp.app/$(BUNDLE_EXECUTABLE_FOLDER_PATH)/GroceryApp";
			};
			name = Debug;
		};
		4FF3A8B52CB02F3F00975C97 /* Release */ = {
			isa = XCBuildConfiguration;
			buildSettings = {
				ALWAYS_EMBED_SWIFT_STANDARD_LIBRARIES = YES;
				BUNDLE_LOADER = "$(TEST_HOST)";
				CODE_SIGN_STYLE = Automatic;
				CURRENT_PROJECT_VERSION = 1;
				GENERATE_INFOPLIST_FILE = YES;
				IPHONEOS_DEPLOYMENT_TARGET = 17.2;
				MARKETING_VERSION = 1.0;
				PRODUCT_BUNDLE_IDENTIFIER = Khuzaim.GroceryAppTests;
				PRODUCT_NAME = "$(TARGET_NAME)";
				SWIFT_EMIT_LOC_STRINGS = NO;
				SWIFT_VERSION = 5.0;
				TARGETED_DEVICE_FAMILY = "1,2";
				TEST_HOST = "$(BUILT_PRODUCTS_DIR)/GroceryApp.app/$(BUNDLE_EXECUTABLE_FOLDER_PATH)/GroceryApp";
			};
			name = Release;
		};
		4FF3A8B72CB02F3F00975C97 /* Debug */ = {
			isa = XCBuildConfiguration;
			buildSettings = {
				ALWAYS_EMBED_SWIFT_STANDARD_LIBRARIES = YES;
				CODE_SIGN_STYLE = Automatic;
				CURRENT_PROJECT_VERSION = 1;
				GENERATE_INFOPLIST_FILE = YES;
				MARKETING_VERSION = 1.0;
				PRODUCT_BUNDLE_IDENTIFIER = Khuzaim.GroceryAppUITests;
				PRODUCT_NAME = "$(TARGET_NAME)";
				SWIFT_EMIT_LOC_STRINGS = NO;
				SWIFT_VERSION = 5.0;
				TARGETED_DEVICE_FAMILY = "1,2";
				TEST_TARGET_NAME = GroceryApp;
			};
			name = Debug;
		};
		4FF3A8B82CB02F3F00975C97 /* Release */ = {
			isa = XCBuildConfiguration;
			buildSettings = {
				ALWAYS_EMBED_SWIFT_STANDARD_LIBRARIES = YES;
				CODE_SIGN_STYLE = Automatic;
				CURRENT_PROJECT_VERSION = 1;
				GENERATE_INFOPLIST_FILE = YES;
				MARKETING_VERSION = 1.0;
				PRODUCT_BUNDLE_IDENTIFIER = Khuzaim.GroceryAppUITests;
				PRODUCT_NAME = "$(TARGET_NAME)";
				SWIFT_EMIT_LOC_STRINGS = NO;
				SWIFT_VERSION = 5.0;
				TARGETED_DEVICE_FAMILY = "1,2";
				TEST_TARGET_NAME = GroceryApp;
			};
			name = Release;
		};
/* End XCBuildConfiguration section */

/* Begin XCConfigurationList section */
		4FF3A8872CB02F3C00975C97 /* Build configuration list for PBXProject "GroceryApp" */ = {
			isa = XCConfigurationList;
			buildConfigurations = (
				4FF3A8AE2CB02F3F00975C97 /* Debug */,
				4FF3A8AF2CB02F3F00975C97 /* Release */,
			);
			defaultConfigurationIsVisible = 0;
			defaultConfigurationName = Release;
		};
		4FF3A8B02CB02F3F00975C97 /* Build configuration list for PBXNativeTarget "GroceryApp" */ = {
			isa = XCConfigurationList;
			buildConfigurations = (
				4FF3A8B12CB02F3F00975C97 /* Debug */,
				4FF3A8B22CB02F3F00975C97 /* Release */,
			);
			defaultConfigurationIsVisible = 0;
			defaultConfigurationName = Release;
		};
		4FF3A8B32CB02F3F00975C97 /* Build configuration list for PBXNativeTarget "GroceryAppTests" */ = {
			isa = XCConfigurationList;
			buildConfigurations = (
				4FF3A8B42CB02F3F00975C97 /* Debug */,
				4FF3A8B52CB02F3F00975C97 /* Release */,
			);
			defaultConfigurationIsVisible = 0;
			defaultConfigurationName = Release;
		};
		4FF3A8B62CB02F3F00975C97 /* Build configuration list for PBXNativeTarget "GroceryAppUITests" */ = {
			isa = XCConfigurationList;
			buildConfigurations = (
				4FF3A8B72CB02F3F00975C97 /* Debug */,
				4FF3A8B82CB02F3F00975C97 /* Release */,
			);
			defaultConfigurationIsVisible = 0;
			defaultConfigurationName = Release;
		};
/* End XCConfigurationList section */
	};
	rootObject = 4FF3A8842CB02F3C00975C97 /* Project object */;
}
